
Microsoft Visual Studio Solution File, Format Version 12.00
# Visual Studio Version 17
VisualStudioVersion = 17.14.36327.8
MinimumVisualStudioVersion = 10.0.40219.1
Project("{9A19103F-16F7-4668-BE54-9A1E7A4F7556}") = "PDF_Manager", "PDF_Manager\PDF_Manager.csproj", "{77607410-4861-4357-952F-E76A0CACD5C2}"
EndProject
Project("{FAE04EC0-301F-11D3-BF4B-00C04F79EFBC}") = "FramePrintAzure", "FramePrintAzure\FramePrintAzure.csproj", "{670A45DA-4AE8-4721-9F3C-DE2CB43BB2A6}"
EndProject
Project("{FAE04EC0-301F-11D3-BF4B-00C04F79EFBC}") = "PDF_Manager.Core", "PDF_Manager.Core\PDF_Manager.Core.csproj", "{402A22CF-BFAB-4AF0-8015-2831B30AE798}"
EndProject
Project("{FAE04EC0-301F-11D3-BF4B-00C04F79EFBC}") = "PDF_Manager.Core.Tests", "PDF_Manager.Core.Tests\PDF_Manager.Core.Tests.csproj", "{7365928D-9354-4E7E-B519-DAC2E90C2328}"
EndProject
Project("{FAE04EC0-301F-11D3-BF4B-00C04F79EFBC}") = "PDF_Manager.RendererProbe", "PDF_Manager.RendererProbe\PDF_Manager.RendererProbe.csproj", "{839C6C12-AEA6-46A8-BFD6-871D27783FAB}"
EndProject
Project("{FAE04EC0-301F-11D3-BF4B-00C04F79EFBC}") = "PDF_Manager.Rendering", "PDF_Manager.Rendering\PDF_Manager.Rendering.csproj", "{A7BD2EAC-E661-40CA-9460-149BA7751785}"
EndProject
Project("{FAE04EC0-301F-11D3-BF4B-00C04F79EFBC}") = "PDF_Manager.Printing", "PDF_Manager.Printing\PDF_Manager.Printing.csproj", "{57F3CE2C-F43E-468F-9CD0-ADF7973CA6D7}"
EndProject
Project("{FAE04EC0-301F-11D3-BF4B-00C04F79EFBC}") = "PDF_Manager.Tests", "PDF_Manager.Tests\PDF_Manager.Tests.csproj", "{A0C3DA64-439E-44E3-A633-21D627CDAD3B}"
EndProject
Project("{FAE04EC0-301F-11D3-BF4B-00C04F79EFBC}") = "PDF_Manager.Rendering.Tests", "PDF_Manager.Rendering.Tests\PDF_Manager.Rendering.Tests.csproj", "{64D1DA1B-24F4-41DD-9087-CD2FFABA15C4}"
EndProject
Project("{FAE04EC0-301F-11D3-BF4B-00C04F79EFBC}") = "PDF_Manager.UiTests", "PDF_Manager.UiTests\PDF_Manager.UiTests.csproj", "{3B1CE1E0-4505-4245-A494-68A951E3396F}"
EndProject
Project("{FAE04EC0-301F-11D3-BF4B-00C04F79EFBC}") = "PDF_Manager.LegacyPrinting", "PDF_Manager.LegacyPrinting\PDF_Manager.LegacyPrinting.csproj", "{96EB7595-437F-45B2-B2EC-EFA1CDF946CF}"
EndProject
Global
	GlobalSection(SolutionConfigurationPlatforms) = preSolution
		Debug|Any CPU = Debug|Any CPU
		Debug|x64 = Debug|x64
		Debug|x86 = Debug|x86
		Release|Any CPU = Release|Any CPU
		Release|x64 = Release|x64
		Release|x86 = Release|x86
	EndGlobalSection
	GlobalSection(ProjectConfigurationPlatforms) = postSolution
		{77607410-4861-4357-952F-E76A0CACD5C2}.Debug|Any CPU.ActiveCfg = Debug|Any CPU
		{77607410-4861-4357-952F-E76A0CACD5C2}.Debug|Any CPU.Build.0 = Debug|Any CPU
		{77607410-4861-4357-952F-E76A0CACD5C2}.Debug|x64.ActiveCfg = Debug|Any CPU
		{77607410-4861-4357-952F-E76A0CACD5C2}.Debug|x64.Build.0 = Debug|Any CPU
		{77607410-4861-4357-952F-E76A0CACD5C2}.Debug|x86.ActiveCfg = Debug|Any CPU
		{77607410-4861-4357-952F-E76A0CACD5C2}.Debug|x86.Build.0 = Debug|Any CPU
		{77607410-4861-4357-952F-E76A0CACD5C2}.Release|Any CPU.ActiveCfg = Release|Any CPU
		{77607410-4861-4357-952F-E76A0CACD5C2}.Release|Any CPU.Build.0 = Release|Any CPU
		{77607410-4861-4357-952F-E76A0CACD5C2}.Release|x64.ActiveCfg = Release|Any CPU
		{77607410-4861-4357-952F-E76A0CACD5C2}.Release|x64.Build.0 = Release|Any CPU
		{77607410-4861-4357-952F-E76A0CACD5C2}.Release|x86.ActiveCfg = Release|Any CPU
		{77607410-4861-4357-952F-E76A0CACD5C2}.Release|x86.Build.0 = Release|Any CPU
		{670A45DA-4AE8-4721-9F3C-DE2CB43BB2A6}.Debug|Any CPU.ActiveCfg = Debug|Any CPU
		{670A45DA-4AE8-4721-9F3C-DE2CB43BB2A6}.Debug|Any CPU.Build.0 = Debug|Any CPU
		{670A45DA-4AE8-4721-9F3C-DE2CB43BB2A6}.Debug|x64.ActiveCfg = Debug|Any CPU
		{670A45DA-4AE8-4721-9F3C-DE2CB43BB2A6}.Debug|x64.Build.0 = Debug|Any CPU
		{670A45DA-4AE8-4721-9F3C-DE2CB43BB2A6}.Debug|x86.ActiveCfg = Debug|Any CPU
		{670A45DA-4AE8-4721-9F3C-DE2CB43BB2A6}.Debug|x86.Build.0 = Debug|Any CPU
		{670A45DA-4AE8-4721-9F3C-DE2CB43BB2A6}.Release|Any CPU.ActiveCfg = Release|Any CPU
		{670A45DA-4AE8-4721-9F3C-DE2CB43BB2A6}.Release|Any CPU.Build.0 = Release|Any CPU
		{670A45DA-4AE8-4721-9F3C-DE2CB43BB2A6}.Release|x64.ActiveCfg = Release|Any CPU
		{670A45DA-4AE8-4721-9F3C-DE2CB43BB2A6}.Release|x64.Build.0 = Release|Any CPU
		{670A45DA-4AE8-4721-9F3C-DE2CB43BB2A6}.Release|x86.ActiveCfg = Release|Any CPU
		{670A45DA-4AE8-4721-9F3C-DE2CB43BB2A6}.Release|x86.Build.0 = Release|Any CPU
		{402A22CF-BFAB-4AF0-8015-2831B30AE798}.Debug|Any CPU.ActiveCfg = Debug|Any CPU
		{402A22CF-BFAB-4AF0-8015-2831B30AE798}.Debug|Any CPU.Build.0 = Debug|Any CPU
		{402A22CF-BFAB-4AF0-8015-2831B30AE798}.Debug|x64.ActiveCfg = Debug|Any CPU
		{402A22CF-BFAB-4AF0-8015-2831B30AE798}.Debug|x64.Build.0 = Debug|Any CPU
		{402A22CF-BFAB-4AF0-8015-2831B30AE798}.Debug|x86.ActiveCfg = Debug|Any CPU
		{402A22CF-BFAB-4AF0-8015-2831B30AE798}.Debug|x86.Build.0 = Debug|Any CPU
		{402A22CF-BFAB-4AF0-8015-2831B30AE798}.Release|Any CPU.ActiveCfg = Release|Any CPU
		{402A22CF-BFAB-4AF0-8015-2831B30AE798}.Release|Any CPU.Build.0 = Release|Any CPU
		{402A22CF-BFAB-4AF0-8015-2831B30AE798}.Release|x64.ActiveCfg = Release|Any CPU
		{402A22CF-BFAB-4AF0-8015-2831B30AE798}.Release|x64.Build.0 = Release|Any CPU
		{402A22CF-BFAB-4AF0-8015-2831B30AE798}.Release|x86.ActiveCfg = Release|Any CPU
		{402A22CF-BFAB-4AF0-8015-2831B30AE798}.Release|x86.Build.0 = Release|Any CPU
		{7365928D-9354-4E7E-B519-DAC2E90C2328}.Debug|Any CPU.ActiveCfg = Debug|Any CPU
		{7365928D-9354-4E7E-B519-DAC2E90C2328}.Debug|Any CPU.Build.0 = Debug|Any CPU
		{7365928D-9354-4E7E-B519-DAC2E90C2328}.Debug|x64.ActiveCfg = Debug|Any CPU
		{7365928D-9354-4E7E-B519-DAC2E90C2328}.Debug|x64.Build.0 = Debug|Any CPU
		{7365928D-9354-4E7E-B519-DAC2E90C2328}.Debug|x86.ActiveCfg = Debug|Any CPU
		{7365928D-9354-4E7E-B519-DAC2E90C2328}.Debug|x86.Build.0 = Debug|Any CPU
		{7365928D-9354-4E7E-B519-DAC2E90C2328}.Release|Any CPU.ActiveCfg = Release|Any CPU
		{7365928D-9354-4E7E-B519-DAC2E90C2328}.Release|Any CPU.Build.0 = Release|Any CPU
		{7365928D-9354-4E7E-B519-DAC2E90C2328}.Release|x64.ActiveCfg = Release|Any CPU
		{7365928D-9354-4E7E-B519-DAC2E90C2328}.Release|x64.Build.0 = Release|Any CPU
		{7365928D-9354-4E7E-B519-DAC2E90C2328}.Release|x86.ActiveCfg = Release|Any CPU
		{7365928D-9354-4E7E-B519-DAC2E90C2328}.Release|x86.Build.0 = Release|Any CPU
		{839C6C12-AEA6-46A8-BFD6-871D27783FAB}.Debug|Any CPU.ActiveCfg = Debug|Any CPU
		{839C6C12-AEA6-46A8-BFD6-871D27783FAB}.Debug|Any CPU.Build.0 = Debug|Any CPU
		{839C6C12-AEA6-46A8-BFD6-871D27783FAB}.Debug|x64.ActiveCfg = Debug|Any CPU
		{839C6C12-AEA6-46A8-BFD6-871D27783FAB}.Debug|x64.Build.0 = Debug|Any CPU
		{839C6C12-AEA6-46A8-BFD6-871D27783FAB}.Debug|x86.ActiveCfg = Debug|Any CPU
		{839C6C12-AEA6-46A8-BFD6-871D27783FAB}.Debug|x86.Build.0 = Debug|Any CPU
		{839C6C12-AEA6-46A8-BFD6-871D27783FAB}.Release|Any CPU.ActiveCfg = Release|Any CPU
		{839C6C12-AEA6-46A8-BFD6-871D27783FAB}.Release|Any CPU.Build.0 = Release|Any CPU
		{839C6C12-AEA6-46A8-BFD6-871D27783FAB}.Release|x64.ActiveCfg = Release|Any CPU
		{839C6C12-AEA6-46A8-BFD6-871D27783FAB}.Release|x64.Build.0 = Release|Any CPU
		{839C6C12-AEA6-46A8-BFD6-871D27783FAB}.Release|x86.ActiveCfg = Release|Any CPU
		{839C6C12-AEA6-46A8-BFD6-871D27783FAB}.Release|x86.Build.0 = Release|Any CPU
		{A7BD2EAC-E661-40CA-9460-149BA7751785}.Debug|Any CPU.ActiveCfg = Debug|Any CPU
		{A7BD2EAC-E661-40CA-9460-149BA7751785}.Debug|Any CPU.Build.0 = Debug|Any CPU
		{A7BD2EAC-E661-40CA-9460-149BA7751785}.Debug|x64.ActiveCfg = Debug|Any CPU
		{A7BD2EAC-E661-40CA-9460-149BA7751785}.Debug|x64.Build.0 = Debug|Any CPU
		{A7BD2EAC-E661-40CA-9460-149BA7751785}.Debug|x86.ActiveCfg = Debug|Any CPU
		{A7BD2EAC-E661-40CA-9460-149BA7751785}.Debug|x86.Build.0 = Debug|Any CPU
		{A7BD2EAC-E661-40CA-9460-149BA7751785}.Release|Any CPU.ActiveCfg = Release|Any CPU
		{A7BD2EAC-E661-40CA-9460-149BA7751785}.Release|Any CPU.Build.0 = Release|Any CPU
		{A7BD2EAC-E661-40CA-9460-149BA7751785}.Release|x64.ActiveCfg = Release|Any CPU
		{A7BD2EAC-E661-40CA-9460-149BA7751785}.Release|x64.Build.0 = Release|Any CPU
		{A7BD2EAC-E661-40CA-9460-149BA7751785}.Release|x86.ActiveCfg = Release|Any CPU
		{A7BD2EAC-E661-40CA-9460-149BA7751785}.Release|x86.Build.0 = Release|Any CPU
		{57F3CE2C-F43E-468F-9CD0-ADF7973CA6D7}.Debug|Any CPU.ActiveCfg = Debug|Any CPU
		{57F3CE2C-F43E-468F-9CD0-ADF7973CA6D7}.Debug|Any CPU.Build.0 = Debug|Any CPU
		{57F3CE2C-F43E-468F-9CD0-ADF7973CA6D7}.Debug|x64.ActiveCfg = Debug|Any CPU
		{57F3CE2C-F43E-468F-9CD0-ADF7973CA6D7}.Debug|x64.Build.0 = Debug|Any CPU
		{57F3CE2C-F43E-468F-9CD0-ADF7973CA6D7}.Debug|x86.ActiveCfg = Debug|Any CPU
		{57F3CE2C-F43E-468F-9CD0-ADF7973CA6D7}.Debug|x86.Build.0 = Debug|Any CPU
		{57F3CE2C-F43E-468F-9CD0-ADF7973CA6D7}.Release|Any CPU.ActiveCfg = Release|Any CPU
		{57F3CE2C-F43E-468F-9CD0-ADF7973CA6D7}.Release|Any CPU.Build.0 = Release|Any CPU
		{57F3CE2C-F43E-468F-9CD0-ADF7973CA6D7}.Release|x64.ActiveCfg = Release|Any CPU
		{57F3CE2C-F43E-468F-9CD0-ADF7973CA6D7}.Release|x64.Build.0 = Release|Any CPU
		{57F3CE2C-F43E-468F-9CD0-ADF7973CA6D7}.Release|x86.ActiveCfg = Release|Any CPU
		{57F3CE2C-F43E-468F-9CD0-ADF7973CA6D7}.Release|x86.Build.0 = Release|Any CPU
		{A0C3DA64-439E-44E3-A633-21D627CDAD3B}.Debug|Any CPU.ActiveCfg = Debug|Any CPU
		{A0C3DA64-439E-44E3-A633-21D627CDAD3B}.Debug|Any CPU.Build.0 = Debug|Any CPU
		{A0C3DA64-439E-44E3-A633-21D627CDAD3B}.Debug|x64.ActiveCfg = Debug|Any CPU
		{A0C3DA64-439E-44E3-A633-21D627CDAD3B}.Debug|x64.Build.0 = Debug|Any CPU
		{A0C3DA64-439E-44E3-A633-21D627CDAD3B}.Debug|x86.ActiveCfg = Debug|Any CPU
		{A0C3DA64-439E-44E3-A633-21D627CDAD3B}.Debug|x86.Build.0 = Debug|Any CPU
		{A0C3DA64-439E-44E3-A633-21D627CDAD3B}.Release|Any CPU.ActiveCfg = Release|Any CPU
		{A0C3DA64-439E-44E3-A633-21D627CDAD3B}.Release|Any CPU.Build.0 = Release|Any CPU
		{A0C3DA64-439E-44E3-A633-21D627CDAD3B}.Release|x64.ActiveCfg = Release|Any CPU
		{A0C3DA64-439E-44E3-A633-21D627CDAD3B}.Release|x64.Build.0 = Release|Any CPU
		{A0C3DA64-439E-44E3-A633-21D627CDAD3B}.Release|x86.ActiveCfg = Release|Any CPU
		{A0C3DA64-439E-44E3-A633-21D627CDAD3B}.Release|x86.Build.0 = Release|Any CPU
		{64D1DA1B-24F4-41DD-9087-CD2FFABA15C4}.Debug|Any CPU.ActiveCfg = Debug|Any CPU
		{64D1DA1B-24F4-41DD-9087-CD2FFABA15C4}.Debug|Any CPU.Build.0 = Debug|Any CPU
		{64D1DA1B-24F4-41DD-9087-CD2FFABA15C4}.Debug|x64.ActiveCfg = Debug|Any CPU
		{64D1DA1B-24F4-41DD-9087-CD2FFABA15C4}.Debug|x64.Build.0 = Debug|Any CPU
		{64D1DA1B-24F4-41DD-9087-CD2FFABA15C4}.Debug|x86.ActiveCfg = Debug|Any CPU
		{64D1DA1B-24F4-41DD-9087-CD2FFABA15C4}.Debug|x86.Build.0 = Debug|Any CPU
		{64D1DA1B-24F4-41DD-9087-CD2FFABA15C4}.Release|Any CPU.ActiveCfg = Release|Any CPU
		{64D1DA1B-24F4-41DD-9087-CD2FFABA15C4}.Release|Any CPU.Build.0 = Release|Any CPU
		{64D1DA1B-24F4-41DD-9087-CD2FFABA15C4}.Release|x64.ActiveCfg = Release|Any CPU
		{64D1DA1B-24F4-41DD-9087-CD2FFABA15C4}.Release|x64.Build.0 = Release|Any CPU
		{64D1DA1B-24F4-41DD-9087-CD2FFABA15C4}.Release|x86.ActiveCfg = Release|Any CPU
		{64D1DA1B-24F4-41DD-9087-CD2FFABA15C4}.Release|x86.Build.0 = Release|Any CPU
		{3B1CE1E0-4505-4245-A494-68A951E3396F}.Debug|Any CPU.ActiveCfg = Debug|Any CPU
		{3B1CE1E0-4505-4245-A494-68A951E3396F}.Debug|Any CPU.Build.0 = Debug|Any CPU
		{3B1CE1E0-4505-4245-A494-68A951E3396F}.Debug|x64.ActiveCfg = Debug|Any CPU
		{3B1CE1E0-4505-4245-A494-68A951E3396F}.Debug|x64.Build.0 = Debug|Any CPU
		{3B1CE1E0-4505-4245-A494-68A951E3396F}.Debug|x86.ActiveCfg = Debug|Any CPU
		{3B1CE1E0-4505-4245-A494-68A951E3396F}.Debug|x86.Build.0 = Debug|Any CPU
		{3B1CE1E0-4505-4245-A494-68A951E3396F}.Release|Any CPU.ActiveCfg = Release|Any CPU
		{3B1CE1E0-4505-4245-A494-68A951E3396F}.Release|Any CPU.Build.0 = Release|Any CPU
		{3B1CE1E0-4505-4245-A494-68A951E3396F}.Release|x64.ActiveCfg = Release|Any CPU
		{3B1CE1E0-4505-4245-A494-68A951E3396F}.Release|x64.Build.0 = Release|Any CPU
		{3B1CE1E0-4505-4245-A494-68A951E3396F}.Release|x86.ActiveCfg = Release|Any CPU
		{3B1CE1E0-4505-4245-A494-68A951E3396F}.Release|x86.Build.0 = Release|Any CPU
		{96EB7595-437F-45B2-B2EC-EFA1CDF946CF}.Debug|Any CPU.ActiveCfg = Debug|Any CPU
		{96EB7595-437F-45B2-B2EC-EFA1CDF946CF}.Debug|Any CPU.Build.0 = Debug|Any CPU
		{96EB7595-437F-45B2-B2EC-EFA1CDF946CF}.Debug|x64.ActiveCfg = Debug|Any CPU
		{96EB7595-437F-45B2-B2EC-EFA1CDF946CF}.Debug|x64.Build.0 = Debug|Any CPU
		{96EB7595-437F-45B2-B2EC-EFA1CDF946CF}.Debug|x86.ActiveCfg = Debug|Any CPU
		{96EB7595-437F-45B2-B2EC-EFA1CDF946CF}.Debug|x86.Build.0 = Debug|Any CPU
		{96EB7595-437F-45B2-B2EC-EFA1CDF946CF}.Release|Any CPU.ActiveCfg = Release|Any CPU
		{96EB7595-437F-45B2-B2EC-EFA1CDF946CF}.Release|Any CPU.Build.0 = Release|Any CPU
		{96EB7595-437F-45B2-B2EC-EFA1CDF946CF}.Release|x64.ActiveCfg = Release|Any CPU
		{96EB7595-437F-45B2-B2EC-EFA1CDF946CF}.Release|x64.Build.0 = Release|Any CPU
		{96EB7595-437F-45B2-B2EC-EFA1CDF946CF}.Release|x86.ActiveCfg = Release|Any CPU
		{96EB7595-437F-45B2-B2EC-EFA1CDF946CF}.Release|x86.Build.0 = Release|Any CPU
	EndGlobalSection
	GlobalSection(SolutionProperties) = preSolution
		HideSolutionNode = FALSE
	EndGlobalSection
	GlobalSection(ExtensibilityGlobals) = postSolution
		SolutionGuid = {43BA0885-7D9C-4337-BB9F-767ACCC80483}
	EndGlobalSection
EndGlobal
